PODS:
  - Alamofire (1.1.4)
  - SimpleAlert (1.0.1)
  - SwiftyJSON (2.1.3)

DEPENDENCIES:
  - Alamofire (~> 1.1)
  - SimpleAlert
  - SwiftyJSON (~> 2.1.3)

SPEC CHECKSUMS:
  Alamofire: 524225da382071ee3e6d0badd0ee4b4dc36740de
  SimpleAlert: 0b304132fe66f15ed5a57538f195ccce782058e8
  SwiftyJSON: 48be7490a3989a58a3f511cd54167f0a2b466e76

COCOAPODS: 0.36.0.beta.2
